{
  "lockfileVersion": 2,
  "configVersion": 1,
  "workspaces": {
    "": {
      "name": "mermaid",
      "dependencies": {
        "beautiful-mermaid": "github:HealthSamurai/beautiful-mermaid#feat/gantt-timeline",
      },
    },
  },
  "packages": {
    "beautiful-mermaid": ["beautiful-mermaid@github:HealthSamurai/beautiful-mermaid#5f17f63", { "dependencies": { "elkjs": "^0.11.0", "entities": "^7.0.1" } }, "HealthSamurai-beautiful-mermaid-5f17f63", "sha512-7NN6o8c6GVMAM4PyB2boWPXD2+eR+y83d6wzTIcNMT8E5XpCiqiQhH+Bg16E012OYDbGzWq7yHiW4grwvMf79Q=="],

    "elkjs": ["elkjs@0.11.1", "", {}, "sha512-zxxR9k+rx5ktMwT/FwyLdPCrq7xN6e4VGGHH8hA01vVYKjTFik7nHOxBnAYtrgYUB1RpAiLvA1/U2YraWxyKKg=="],

    "entities": ["entities@7.0.1", "", {}, "sha512-TWrgLOFUQTH994YUyl1yT4uyavY5nNB5muff+RtWaqNVCAK408b5ZnnbNAUEWLTCpum9w6arT70i1XdQ4UeOPA=="],
  }
}
